
Microsoft Visual Studio Solution File, Format Version 12.00
# Visual Studio 15
VisualStudioVersion = 15.0.35714.111
MinimumVisualStudioVersion = 10.0.40219.1
Project("{FAE04EC0-301F-11D3-BF4B-00C04F79EFBC}") = "CMDInjector", "CMDInjector\CMDInjector.csproj", "{B78C393A-102A-4CF8-AE46-9B8DC7E7815C}"
EndProject
Project("{FAE04EC0-301F-11D3-BF4B-00C04F79EFBC}") = "CMDInjectorHelper", "CMDInjectorHelper\CMDInjectorHelper.csproj", "{95C98220-9F5E-4E9F-9665-08B883FED883}"
EndProject
Project("{FAE04EC0-301F-11D3-BF4B-00C04F79EFBC}") = "BackgroundTasks", "BackgroundTasks\BackgroundTasks.csproj", "{EF1D61EE-9E37-4D24-95CF-90CC15579E29}"
EndProject
Project("{8BC9CEB8-8B4A-11D0-8D11-00A0C91BC942}") = "ndtklib", "ndtklib\ndtklib.vcxproj", "{434FF158-6783-40B2-B32E-7D4AB0F2A9E9}"
EndProject
Project("{2150E333-8FDC-42A3-9474-1A3956D46DE8}") = "Solution Items", "Solution Items", "{B2DC6C81-93A6-4BB5-9255-0F60E255ED46}"
	ProjectSection(SolutionItems) = preProject
		CONTRIBUTING.md = CONTRIBUTING.md
		README.md = README.md
	EndProjectSection
EndProject
Global
	GlobalSection(SolutionConfigurationPlatforms) = preSolution
		Debug|Any CPU = Debug|Any CPU
		Debug|ARM = Debug|ARM
		Debug|ARM64 = Debug|ARM64
		Debug|x64 = Debug|x64
		Debug|x86 = Debug|x86
		Release|Any CPU = Release|Any CPU
		Release|ARM = Release|ARM
		Release|ARM64 = Release|ARM64
		Release|x64 = Release|x64
		Release|x86 = Release|x86
		RootDebug|Any CPU = RootDebug|Any CPU
		RootDebug|ARM = RootDebug|ARM
		RootDebug|ARM64 = RootDebug|ARM64
		RootDebug|x64 = RootDebug|x64
		RootDebug|x86 = RootDebug|x86
		RootRelease|Any CPU = RootRelease|Any CPU
		RootRelease|ARM = RootRelease|ARM
		RootRelease|ARM64 = RootRelease|ARM64
		RootRelease|x64 = RootRelease|x64
		RootRelease|x86 = RootRelease|x86
	EndGlobalSection
	GlobalSection(ProjectConfigurationPlatforms) = postSolution
		{B78C393A-102A-4CF8-AE46-9B8DC7E7815C}.Debug|Any CPU.ActiveCfg = Debug|x86
		{B78C393A-102A-4CF8-AE46-9B8DC7E7815C}.Debug|Any CPU.Build.0 = Debug|x86
		{B78C393A-102A-4CF8-AE46-9B8DC7E7815C}.Debug|ARM.ActiveCfg = Debug|ARM
		{B78C393A-102A-4CF8-AE46-9B8DC7E7815C}.Debug|ARM.Build.0 = Debug|ARM
		{B78C393A-102A-4CF8-AE46-9B8DC7E7815C}.Debug|ARM.Deploy.0 = Debug|ARM
		{B78C393A-102A-4CF8-AE46-9B8DC7E7815C}.Debug|ARM64.ActiveCfg = Debug|ARM64
		{B78C393A-102A-4CF8-AE46-9B8DC7E7815C}.Debug|ARM64.Build.0 = Debug|ARM64
		{B78C393A-102A-4CF8-AE46-9B8DC7E7815C}.Debug|ARM64.Deploy.0 = Debug|ARM64
		{B78C393A-102A-4CF8-AE46-9B8DC7E7815C}.Debug|x64.ActiveCfg = Debug|x64
		{B78C393A-102A-4CF8-AE46-9B8DC7E7815C}.Debug|x64.Build.0 = Debug|x64
		{B78C393A-102A-4CF8-AE46-9B8DC7E7815C}.Debug|x64.Deploy.0 = Debug|x64
		{B78C393A-102A-4CF8-AE46-9B8DC7E7815C}.Debug|x86.ActiveCfg = Debug|x86
		{B78C393A-102A-4CF8-AE46-9B8DC7E7815C}.Debug|x86.Build.0 = Debug|x86
		{B78C393A-102A-4CF8-AE46-9B8DC7E7815C}.Debug|x86.Deploy.0 = Debug|x86
		{B78C393A-102A-4CF8-AE46-9B8DC7E7815C}.Release|Any CPU.ActiveCfg = Release|x86
		{B78C393A-102A-4CF8-AE46-9B8DC7E7815C}.Release|ARM.ActiveCfg = Release|ARM
		{B78C393A-102A-4CF8-AE46-9B8DC7E7815C}.Release|ARM.Build.0 = Release|ARM
		{B78C393A-102A-4CF8-AE46-9B8DC7E7815C}.Release|ARM.Deploy.0 = Release|ARM
		{B78C393A-102A-4CF8-AE46-9B8DC7E7815C}.Release|ARM64.ActiveCfg = Release|ARM64
		{B78C393A-102A-4CF8-AE46-9B8DC7E7815C}.Release|ARM64.Build.0 = Release|ARM64
		{B78C393A-102A-4CF8-AE46-9B8DC7E7815C}.Release|ARM64.Deploy.0 = Release|ARM64
		{B78C393A-102A-4CF8-AE46-9B8DC7E7815C}.Release|x64.ActiveCfg = Release|x64
		{B78C393A-102A-4CF8-AE46-9B8DC7E7815C}.Release|x64.Build.0 = Release|x64
		{B78C393A-102A-4CF8-AE46-9B8DC7E7815C}.Release|x64.Deploy.0 = Release|x64
		{B78C393A-102A-4CF8-AE46-9B8DC7E7815C}.Release|x86.ActiveCfg = Release|x86
		{B78C393A-102A-4CF8-AE46-9B8DC7E7815C}.Release|x86.Build.0 = Release|x86
		{B78C393A-102A-4CF8-AE46-9B8DC7E7815C}.Release|x86.Deploy.0 = Release|x86
		{B78C393A-102A-4CF8-AE46-9B8DC7E7815C}.RootDebug|Any CPU.ActiveCfg = Release|x64
		{B78C393A-102A-4CF8-AE46-9B8DC7E7815C}.RootDebug|Any CPU.Build.0 = Release|x64
		{B78C393A-102A-4CF8-AE46-9B8DC7E7815C}.RootDebug|Any CPU.Deploy.0 = Release|x64
		{B78C393A-102A-4CF8-AE46-9B8DC7E7815C}.RootDebug|ARM.ActiveCfg = Debug|ARM
		{B78C393A-102A-4CF8-AE46-9B8DC7E7815C}.RootDebug|ARM.Build.0 = Debug|ARM
		{B78C393A-102A-4CF8-AE46-9B8DC7E7815C}.RootDebug|ARM.Deploy.0 = Debug|ARM
		{B78C393A-102A-4CF8-AE46-9B8DC7E7815C}.RootDebug|ARM64.ActiveCfg = Debug|ARM64
		{B78C393A-102A-4CF8-AE46-9B8DC7E7815C}.RootDebug|ARM64.Build.0 = Debug|ARM64
		{B78C393A-102A-4CF8-AE46-9B8DC7E7815C}.RootDebug|ARM64.Deploy.0 = Debug|ARM64
		{B78C393A-102A-4CF8-AE46-9B8DC7E7815C}.RootDebug|x64.ActiveCfg = Debug|x64
		{B78C393A-102A-4CF8-AE46-9B8DC7E7815C}.RootDebug|x64.Build.0 = Debug|x64
		{B78C393A-102A-4CF8-AE46-9B8DC7E7815C}.RootDebug|x64.Deploy.0 = Debug|x64
		{B78C393A-102A-4CF8-AE46-9B8DC7E7815C}.RootDebug|x86.ActiveCfg = Debug|x86
		{B78C393A-102A-4CF8-AE46-9B8DC7E7815C}.RootDebug|x86.Build.0 = Debug|x86
		{B78C393A-102A-4CF8-AE46-9B8DC7E7815C}.RootDebug|x86.Deploy.0 = Debug|x86
		{B78C393A-102A-4CF8-AE46-9B8DC7E7815C}.RootRelease|Any CPU.ActiveCfg = Release|x64
		{B78C393A-102A-4CF8-AE46-9B8DC7E7815C}.RootRelease|Any CPU.Build.0 = Release|x64
		{B78C393A-102A-4CF8-AE46-9B8DC7E7815C}.RootRelease|Any CPU.Deploy.0 = Release|x64
		{B78C393A-102A-4CF8-AE46-9B8DC7E7815C}.RootRelease|ARM.ActiveCfg = Release|ARM
		{B78C393A-102A-4CF8-AE46-9B8DC7E7815C}.RootRelease|ARM.Build.0 = Release|ARM
		{B78C393A-102A-4CF8-AE46-9B8DC7E7815C}.RootRelease|ARM.Deploy.0 = Release|ARM
		{B78C393A-102A-4CF8-AE46-9B8DC7E7815C}.RootRelease|ARM64.ActiveCfg = Release|ARM64
		{B78C393A-102A-4CF8-AE46-9B8DC7E7815C}.RootRelease|ARM64.Build.0 = Release|ARM64
		{B78C393A-102A-4CF8-AE46-9B8DC7E7815C}.RootRelease|ARM64.Deploy.0 = Release|ARM64
		{B78C393A-102A-4CF8-AE46-9B8DC7E7815C}.RootRelease|x64.ActiveCfg = Release|x64
		{B78C393A-102A-4CF8-AE46-9B8DC7E7815C}.RootRelease|x64.Build.0 = Release|x64
		{B78C393A-102A-4CF8-AE46-9B8DC7E7815C}.RootRelease|x64.Deploy.0 = Release|x64
		{B78C393A-102A-4CF8-AE46-9B8DC7E7815C}.RootRelease|x86.ActiveCfg = Release|x86
		{B78C393A-102A-4CF8-AE46-9B8DC7E7815C}.RootRelease|x86.Build.0 = Release|x86
		{B78C393A-102A-4CF8-AE46-9B8DC7E7815C}.RootRelease|x86.Deploy.0 = Release|x86
		{95C98220-9F5E-4E9F-9665-08B883FED883}.Debug|Any CPU.ActiveCfg = Debug|Any CPU
		{95C98220-9F5E-4E9F-9665-08B883FED883}.Debug|Any CPU.Build.0 = Debug|Any CPU
		{95C98220-9F5E-4E9F-9665-08B883FED883}.Debug|ARM.ActiveCfg = Debug|ARM
		{95C98220-9F5E-4E9F-9665-08B883FED883}.Debug|ARM.Build.0 = Debug|ARM
		{95C98220-9F5E-4E9F-9665-08B883FED883}.Debug|ARM64.ActiveCfg = Debug|ARM64
		{95C98220-9F5E-4E9F-9665-08B883FED883}.Debug|ARM64.Build.0 = Debug|ARM64
		{95C98220-9F5E-4E9F-9665-08B883FED883}.Debug|x64.ActiveCfg = Debug|x64
		{95C98220-9F5E-4E9F-9665-08B883FED883}.Debug|x64.Build.0 = Debug|x64
		{95C98220-9F5E-4E9F-9665-08B883FED883}.Debug|x86.ActiveCfg = Debug|x86
		{95C98220-9F5E-4E9F-9665-08B883FED883}.Debug|x86.Build.0 = Debug|x86
		{95C98220-9F5E-4E9F-9665-08B883FED883}.Release|Any CPU.ActiveCfg = Release|Any CPU
		{95C98220-9F5E-4E9F-9665-08B883FED883}.Release|Any CPU.Build.0 = Release|Any CPU
		{95C98220-9F5E-4E9F-9665-08B883FED883}.Release|ARM.ActiveCfg = Release|ARM
		{95C98220-9F5E-4E9F-9665-08B883FED883}.Release|ARM.Build.0 = Release|ARM
		{95C98220-9F5E-4E9F-9665-08B883FED883}.Release|ARM64.ActiveCfg = Release|ARM64
		{95C98220-9F5E-4E9F-9665-08B883FED883}.Release|ARM64.Build.0 = Release|ARM64
		{95C98220-9F5E-4E9F-9665-08B883FED883}.Release|x64.ActiveCfg = Release|x64
		{95C98220-9F5E-4E9F-9665-08B883FED883}.Release|x64.Build.0 = Release|x64
		{95C98220-9F5E-4E9F-9665-08B883FED883}.Release|x86.ActiveCfg = Release|x86
		{95C98220-9F5E-4E9F-9665-08B883FED883}.Release|x86.Build.0 = Release|x86
		{95C98220-9F5E-4E9F-9665-08B883FED883}.RootDebug|Any CPU.ActiveCfg = Debug|Any CPU
		{95C98220-9F5E-4E9F-9665-08B883FED883}.RootDebug|Any CPU.Build.0 = Debug|Any CPU
		{95C98220-9F5E-4E9F-9665-08B883FED883}.RootDebug|ARM.ActiveCfg = Debug|ARM
		{95C98220-9F5E-4E9F-9665-08B883FED883}.RootDebug|ARM.Build.0 = Debug|ARM
		{95C98220-9F5E-4E9F-9665-08B883FED883}.RootDebug|ARM64.ActiveCfg = Debug|ARM64
		{95C98220-9F5E-4E9F-9665-08B883FED883}.RootDebug|ARM64.Build.0 = Debug|ARM64
		{95C98220-9F5E-4E9F-9665-08B883FED883}.RootDebug|x64.ActiveCfg = Debug|x64
		{95C98220-9F5E-4E9F-9665-08B883FED883}.RootDebug|x64.Build.0 = Debug|x64
		{95C98220-9F5E-4E9F-9665-08B883FED883}.RootDebug|x86.ActiveCfg = Debug|x86
		{95C98220-9F5E-4E9F-9665-08B883FED883}.RootDebug|x86.Build.0 = Debug|x86
		{95C98220-9F5E-4E9F-9665-08B883FED883}.RootRelease|Any CPU.ActiveCfg = Release|Any CPU
		{95C98220-9F5E-4E9F-9665-08B883FED883}.RootRelease|Any CPU.Build.0 = Release|Any CPU
		{95C98220-9F5E-4E9F-9665-08B883FED883}.RootRelease|ARM.ActiveCfg = Release|ARM
		{95C98220-9F5E-4E9F-9665-08B883FED883}.RootRelease|ARM.Build.0 = Release|ARM
		{95C98220-9F5E-4E9F-9665-08B883FED883}.RootRelease|ARM64.ActiveCfg = Release|ARM64
		{95C98220-9F5E-4E9F-9665-08B883FED883}.RootRelease|ARM64.Build.0 = Release|ARM64
		{95C98220-9F5E-4E9F-9665-08B883FED883}.RootRelease|x64.ActiveCfg = Release|x64
		{95C98220-9F5E-4E9F-9665-08B883FED883}.RootRelease|x64.Build.0 = Release|x64
		{95C98220-9F5E-4E9F-9665-08B883FED883}.RootRelease|x86.ActiveCfg = Release|x86
		{95C98220-9F5E-4E9F-9665-08B883FED883}.RootRelease|x86.Build.0 = Release|x86
		{EF1D61EE-9E37-4D24-95CF-90CC15579E29}.Debug|Any CPU.ActiveCfg = Debug|Any CPU
		{EF1D61EE-9E37-4D24-95CF-90CC15579E29}.Debug|Any CPU.Build.0 = Debug|Any CPU
		{EF1D61EE-9E37-4D24-95CF-90CC15579E29}.Debug|ARM.ActiveCfg = Debug|ARM
		{EF1D61EE-9E37-4D24-95CF-90CC15579E29}.Debug|ARM.Build.0 = Debug|ARM
		{EF1D61EE-9E37-4D24-95CF-90CC15579E29}.Debug|ARM64.ActiveCfg = Debug|ARM64
		{EF1D61EE-9E37-4D24-95CF-90CC15579E29}.Debug|ARM64.Build.0 = Debug|ARM64
		{EF1D61EE-9E37-4D24-95CF-90CC15579E29}.Debug|x64.ActiveCfg = Debug|x64
		{EF1D61EE-9E37-4D24-95CF-90CC15579E29}.Debug|x64.Build.0 = Debug|x64
		{EF1D61EE-9E37-4D24-95CF-90CC15579E29}.Debug|x86.ActiveCfg = Debug|x86
		{EF1D61EE-9E37-4D24-95CF-90CC15579E29}.Debug|x86.Build.0 = Debug|x86
		{EF1D61EE-9E37-4D24-95CF-90CC15579E29}.Release|Any CPU.ActiveCfg = Release|Any CPU
		{EF1D61EE-9E37-4D24-95CF-90CC15579E29}.Release|Any CPU.Build.0 = Release|Any CPU
		{EF1D61EE-9E37-4D24-95CF-90CC15579E29}.Release|ARM.ActiveCfg = Release|ARM
		{EF1D61EE-9E37-4D24-95CF-90CC15579E29}.Release|ARM.Build.0 = Release|ARM
		{EF1D61EE-9E37-4D24-95CF-90CC15579E29}.Release|ARM64.ActiveCfg = Release|ARM64
		{EF1D61EE-9E37-4D24-95CF-90CC15579E29}.Release|ARM64.Build.0 = Release|ARM64
		{EF1D61EE-9E37-4D24-95CF-90CC15579E29}.Release|x64.ActiveCfg = Release|x64
		{EF1D61EE-9E37-4D24-95CF-90CC15579E29}.Release|x64.Build.0 = Release|x64
		{EF1D61EE-9E37-4D24-95CF-90CC15579E29}.Release|x86.ActiveCfg = Release|x86
		{EF1D61EE-9E37-4D24-95CF-90CC15579E29}.Release|x86.Build.0 = Release|x86
		{EF1D61EE-9E37-4D24-95CF-90CC15579E29}.RootDebug|Any CPU.ActiveCfg = Debug|Any CPU
		{EF1D61EE-9E37-4D24-95CF-90CC15579E29}.RootDebug|Any CPU.Build.0 = Debug|Any CPU
		{EF1D61EE-9E37-4D24-95CF-90CC15579E29}.RootDebug|ARM.ActiveCfg = Debug|ARM
		{EF1D61EE-9E37-4D24-95CF-90CC15579E29}.RootDebug|ARM.Build.0 = Debug|ARM
		{EF1D61EE-9E37-4D24-95CF-90CC15579E29}.RootDebug|ARM64.ActiveCfg = Debug|ARM64
		{EF1D61EE-9E37-4D24-95CF-90CC15579E29}.RootDebug|ARM64.Build.0 = Debug|ARM64
		{EF1D61EE-9E37-4D24-95CF-90CC15579E29}.RootDebug|x64.ActiveCfg = Debug|x64
		{EF1D61EE-9E37-4D24-95CF-90CC15579E29}.RootDebug|x64.Build.0 = Debug|x64
		{EF1D61EE-9E37-4D24-95CF-90CC15579E29}.RootDebug|x86.ActiveCfg = Debug|x86
		{EF1D61EE-9E37-4D24-95CF-90CC15579E29}.RootDebug|x86.Build.0 = Debug|x86
		{EF1D61EE-9E37-4D24-95CF-90CC15579E29}.RootRelease|Any CPU.ActiveCfg = Release|Any CPU
		{EF1D61EE-9E37-4D24-95CF-90CC15579E29}.RootRelease|Any CPU.Build.0 = Release|Any CPU
		{EF1D61EE-9E37-4D24-95CF-90CC15579E29}.RootRelease|ARM.ActiveCfg = Release|ARM
		{EF1D61EE-9E37-4D24-95CF-90CC15579E29}.RootRelease|ARM.Build.0 = Release|ARM
		{EF1D61EE-9E37-4D24-95CF-90CC15579E29}.RootRelease|ARM64.ActiveCfg = Release|ARM64
		{EF1D61EE-9E37-4D24-95CF-90CC15579E29}.RootRelease|ARM64.Build.0 = Release|ARM64
		{EF1D61EE-9E37-4D24-95CF-90CC15579E29}.RootRelease|x64.ActiveCfg = Release|x64
		{EF1D61EE-9E37-4D24-95CF-90CC15579E29}.RootRelease|x64.Build.0 = Release|x64
		{EF1D61EE-9E37-4D24-95CF-90CC15579E29}.RootRelease|x86.ActiveCfg = Release|x86
		{EF1D61EE-9E37-4D24-95CF-90CC15579E29}.RootRelease|x86.Build.0 = Release|x86
		{434FF158-6783-40B2-B32E-7D4AB0F2A9E9}.Debug|Any CPU.ActiveCfg = Debug|Win32
		{434FF158-6783-40B2-B32E-7D4AB0F2A9E9}.Debug|Any CPU.Build.0 = Debug|Win32
		{434FF158-6783-40B2-B32E-7D4AB0F2A9E9}.Debug|ARM.ActiveCfg = Debug|ARM
		{434FF158-6783-40B2-B32E-7D4AB0F2A9E9}.Debug|ARM.Build.0 = Debug|ARM
		{434FF158-6783-40B2-B32E-7D4AB0F2A9E9}.Debug|ARM64.ActiveCfg = Debug|ARM64
		{434FF158-6783-40B2-B32E-7D4AB0F2A9E9}.Debug|ARM64.Build.0 = Debug|ARM64
		{434FF158-6783-40B2-B32E-7D4AB0F2A9E9}.Debug|x64.ActiveCfg = Debug|x64
		{434FF158-6783-40B2-B32E-7D4AB0F2A9E9}.Debug|x64.Build.0 = Debug|x64
		{434FF158-6783-40B2-B32E-7D4AB0F2A9E9}.Debug|x86.ActiveCfg = Debug|Win32
		{434FF158-6783-40B2-B32E-7D4AB0F2A9E9}.Debug|x86.Build.0 = Debug|Win32
		{434FF158-6783-40B2-B32E-7D4AB0F2A9E9}.Release|Any CPU.ActiveCfg = Release|Win32
		{434FF158-6783-40B2-B32E-7D4AB0F2A9E9}.Release|ARM.ActiveCfg = Release|ARM
		{434FF158-6783-40B2-B32E-7D4AB0F2A9E9}.Release|ARM.Build.0 = Release|ARM
		{434FF158-6783-40B2-B32E-7D4AB0F2A9E9}.Release|ARM64.ActiveCfg = Release|ARM64
		{434FF158-6783-40B2-B32E-7D4AB0F2A9E9}.Release|ARM64.Build.0 = Release|ARM64
		{434FF158-6783-40B2-B32E-7D4AB0F2A9E9}.Release|x64.ActiveCfg = Release|x64
		{434FF158-6783-40B2-B32E-7D4AB0F2A9E9}.Release|x64.Build.0 = Release|x64
		{434FF158-6783-40B2-B32E-7D4AB0F2A9E9}.Release|x86.ActiveCfg = Release|Win32
		{434FF158-6783-40B2-B32E-7D4AB0F2A9E9}.Release|x86.Build.0 = Release|Win32
		{434FF158-6783-40B2-B32E-7D4AB0F2A9E9}.RootDebug|Any CPU.ActiveCfg = Release|Win32
		{434FF158-6783-40B2-B32E-7D4AB0F2A9E9}.RootDebug|Any CPU.Build.0 = Release|Win32
		{434FF158-6783-40B2-B32E-7D4AB0F2A9E9}.RootDebug|ARM.ActiveCfg = Debug|ARM
		{434FF158-6783-40B2-B32E-7D4AB0F2A9E9}.RootDebug|ARM.Build.0 = Debug|ARM
		{434FF158-6783-40B2-B32E-7D4AB0F2A9E9}.RootDebug|ARM64.ActiveCfg = Debug|ARM64
		{434FF158-6783-40B2-B32E-7D4AB0F2A9E9}.RootDebug|ARM64.Build.0 = Debug|ARM64
		{434FF158-6783-40B2-B32E-7D4AB0F2A9E9}.RootDebug|x64.ActiveCfg = Debug|x64
		{434FF158-6783-40B2-B32E-7D4AB0F2A9E9}.RootDebug|x64.Build.0 = Debug|x64
		{434FF158-6783-40B2-B32E-7D4AB0F2A9E9}.RootDebug|x86.ActiveCfg = Debug|Win32
		{434FF158-6783-40B2-B32E-7D4AB0F2A9E9}.RootDebug|x86.Build.0 = Debug|Win32
		{434FF158-6783-40B2-B32E-7D4AB0F2A9E9}.RootRelease|Any CPU.ActiveCfg = Release|Win32
		{434FF158-6783-40B2-B32E-7D4AB0F2A9E9}.RootRelease|Any CPU.Build.0 = Release|Win32
		{434FF158-6783-40B2-B32E-7D4AB0F2A9E9}.RootRelease|ARM.ActiveCfg = Release|ARM
		{434FF158-6783-40B2-B32E-7D4AB0F2A9E9}.RootRelease|ARM.Build.0 = Release|ARM
		{434FF158-6783-40B2-B32E-7D4AB0F2A9E9}.RootRelease|ARM64.ActiveCfg = Release|ARM64
		{434FF158-6783-40B2-B32E-7D4AB0F2A9E9}.RootRelease|ARM64.Build.0 = Release|ARM64
		{434FF158-6783-40B2-B32E-7D4AB0F2A9E9}.RootRelease|x64.ActiveCfg = Release|x64
		{434FF158-6783-40B2-B32E-7D4AB0F2A9E9}.RootRelease|x64.Build.0 = Release|x64
		{434FF158-6783-40B2-B32E-7D4AB0F2A9E9}.RootRelease|x86.ActiveCfg = Release|Win32
		{434FF158-6783-40B2-B32E-7D4AB0F2A9E9}.RootRelease|x86.Build.0 = Release|Win32
	EndGlobalSection
	GlobalSection(SolutionProperties) = preSolution
		HideSolutionNode = FALSE
	EndGlobalSection
	GlobalSection(ExtensibilityGlobals) = postSolution
		SolutionGuid = {D2B8AB51-C54E-4BC9-9FC0-A73A84707258}
	EndGlobalSection
EndGlobal
